
Microsoft Visual Studio Solution File, Format Version 12.00
# Visual Studio Version 17
VisualStudioVersion = 17.4.33122.133
MinimumVisualStudioVersion = 10.0.40219.1
Project("{FAE04EC0-301F-11D3-BF4B-00C04F79EFBC}") = "ProductManagment-CQRS", "ProductManagment-CQRS\ProductManagment-CQRS.csproj", "{FA041CB0-04D9-432F-B7B9-D5F59B40DE63}"
EndProject
Global
	GlobalSection(SolutionConfigurationPlatforms) = preSolution
		Debug|Any CPU = Debug|Any CPU
		Release|Any CPU = Release|Any CPU
	EndGlobalSection
	GlobalSection(ProjectConfigurationPlatforms) = postSolution
		{FA041CB0-04D9-432F-B7B9-D5F59B40DE63}.Debug|Any CPU.ActiveCfg = Debug|Any CPU
		{FA041CB0-04D9-432F-B7B9-D5F59B40DE63}.Debug|Any CPU.Build.0 = Debug|Any CPU
		{FA041CB0-04D9-432F-B7B9-D5F59B40DE63}.Release|Any CPU.ActiveCfg = Release|Any CPU
		{FA041CB0-04D9-432F-B7B9-D5F59B40DE63}.Release|Any CPU.Build.0 = Release|Any CPU
	EndGlobalSection
	GlobalSection(SolutionProperties) = preSolution
		HideSolutionNode = FALSE
	EndGlobalSection
	GlobalSection(ExtensibilityGlobals) = postSolution
		SolutionGuid = {D11F2348-67AA-4FA4-9FCE-7787801B1D96}
	EndGlobalSection
EndGlobal
